
Microsoft Visual Studio Solution File, Format Version 12.00
# Visual Studio Version 16
VisualStudioVersion = 16.0.30517.126
MinimumVisualStudioVersion = 10.0.40219.1
Project("{FAE04EC0-301F-11D3-BF4B-00C04F79EFBC}") = "HandsOnActivity02", "HandsOnActivity02\HandsOnActivity02.csproj", "{295DF7FC-A383-4E84-A80C-9083DEF22297}"
EndProject
Global
	GlobalSection(SolutionConfigurationPlatforms) = preSolution
		Debug|Any CPU = Debug|Any CPU
		Release|Any CPU = Release|Any CPU
	EndGlobalSection
	GlobalSection(ProjectConfigurationPlatforms) = postSolution
		{295DF7FC-A383-4E84-A80C-9083DEF22297}.Debug|Any CPU.ActiveCfg = Debug|Any CPU
		{295DF7FC-A383-4E84-A80C-9083DEF22297}.Debug|Any CPU.Build.0 = Debug|Any CPU
		{295DF7FC-A383-4E84-A80C-9083DEF22297}.Release|Any CPU.ActiveCfg = Release|Any CPU
		{295DF7FC-A383-4E84-A80C-9083DEF22297}.Release|Any CPU.Build.0 = Release|Any CPU
	EndGlobalSection
	GlobalSection(SolutionProperties) = preSolution
		HideSolutionNode = FALSE
	EndGlobalSection
	GlobalSection(ExtensibilityGlobals) = postSolution
		SolutionGuid = {7A6C5AE8-5A1E-4A0F-8D19-0F2E10DCD919}
	EndGlobalSection
EndGlobal
